// !$*UTF8*$!
{
	archiveVersion = 1;
	classes = {
	};
	objectVersion = 46;
	objects = {

/* Begin PBXBuildFile section */
		38C45E9E206B775000F245B8 /* main.m in Sources */ = {isa = PBXBuildFile; fileRef = 38C45E9D206B775000F245B8 /* main.m */; };
		38C45EA1206B775000F245B8 /* AppDelegate.m in Sources */ = {isa = PBXBuildFile; fileRef = 38C45EA0206B775000F245B8 /* AppDelegate.m */; };
		38C45EA4206B775000F245B8 /* ViewController.m in Sources */ = {isa = PBXBuildFile; fileRef = 38C45EA3206B775000F245B8 /* ViewController.m */; };
		38C45EA7206B775000F245B8 /* Main.storyboard in Resources */ = {isa = PBXBuildFile; fileRef = 38C45EA5206B775000F245B8 /* Main.storyboard */; };
		38C45EA9206B775000F245B8 /* Assets.xcassets in Resources */ = {isa = PBXBuildFile; fileRef = 38C45EA8206B775000F245B8 /* Assets.xcassets */; };
		38C45EAC206B775000F245B8 /* LaunchScreen.storyboard in Resources */ = {isa = PBXBuildFile; fileRef = 38C45EAA206B775000F245B8 /* LaunchScreen.storyboard */; };
		38C45EB5206B77C800F245B8 /* CoreBluetooth.framework in Frameworks */ = {isa = PBXBuildFile; fileRef = 38C45EB4206B77C800F245B8 /* CoreBluetooth.framework */; };
/* End PBXBuildFile section */

/* Begin PBXFileReference section */
		38C45E99206B775000F245B8 /* BlueTooth.app */ = {isa = PBXFileReference; explicitFileType = wrapper.application; includeInIndex = 0; path = BlueTooth.app; sourceTree = BUILT_PRODUCTS_DIR; };
		38C45E9D206B775000F245B8 /* main.m */ = {isa = PBXFileReference; lastKnownFileType = sourcecode.c.objc; path = main.m; sourceTree = "<group>"; };
		38C45E9F206B775000F245B8 /* AppDelegate.h */ = {isa = PBXFileReference; lastKnownFileType = sourcecode.c.h; path = AppDelegate.h; sourceTree = "<group>"; };
		38C45EA0206B775000F245B8 /* AppDelegate.m */ = {isa = PBXFileReference; lastKnownFileType = sourcecode.c.objc; path = AppDelegate.m; sourceTree = "<group>"; };
		38C45EA2206B775000F245B8 /* ViewController.h */ = {isa = PBXFileReference; lastKnownFileType = sourcecode.c.h; path = ViewController.h; sourceTree = "<group>"; };
		38C45EA3206B775000F245B8 /* ViewController.m */ = {isa = PBXFileReference; lastKnownFileType = sourcecode.c.objc; path = ViewController.m; sourceTree = "<group>"; };
		38C45EA6206B775000F245B8 /* Base */ = {isa = PBXFileReference; lastKnownFileType = file.storyboard; name = Base; path = Base.lproj/Main.storyboard; sourceTree = "<group>"; };
		38C45EA8206B775000F245B8 /* Assets.xcassets */ = {isa = PBXFileReference; lastKnownFileType = folder.assetcatalog; path = Assets.xcassets; sourceTree = "<group>"; };
		38C45EAB206B775000F245B8 /* Base */ = {isa = PBXFileReference; lastKnownFileType = file.storyboard; name = Base; path = Base.lproj/LaunchScreen.storyboard; sourceTree = "<group>"; };
		38C45EAD206B775000F245B8 /* Info.plist */ = {isa = PBXFileReference; lastKnownFileType = text.plist.xml; path = Info.plist; sourceTree = "<group>"; };
		38C45EB4206B77C800F245B8 /* CoreBluetooth.framework */ = {isa = PBXFileReference; lastKnownFileType = wrapper.framework; name = CoreBluetooth.framework; path = System/Library/Frameworks/CoreBluetooth.framework; sourceTree = SDKROOT; };
/* End PBXFileReference section */

/* Begin PBXFrameworksBuildPhase section */
		38C45E96206B775000F245B8 /* Frameworks */ = {
			isa = PBXFrameworksBuildPhase;
			buildActionMask = 2147483647;
			files = (
				38C45EB5206B77C800F245B8 /* CoreBluetooth.framework in Frameworks */,
			);
			runOnlyForDeploymentPostprocessing = 0;
		};
/* End PBXFrameworksBuildPhase section */

/* Begin PBXGroup section */
		38C45E90206B775000F245B8 = {
			isa = PBXGroup;
			children = (
				38C45E9B206B775000F245B8 /* BlueTooth */,
				38C45E9A206B775000F245B8 /* Products */,
				38C45EB3206B77C800F245B8 /* Frameworks */,
			);
			sourceTree = "<group>";
		};
		38C45E9A206B775000F245B8 /* Products */ = {
			isa = PBXGroup;
			children = (
				38C45E99206B775000F245B8 /* BlueTooth.app */,
			);
			name = Products;
			sourceTree = "<group>";
		};
		38C45E9B206B775000F245B8 /* BlueTooth */ = {
			isa = PBXGroup;
			children = (
				38C45E9F206B775000F245B8 /* AppDelegate.h */,
				38C45EA0206B775000F245B8 /* AppDelegate.m */,
				38C45EA2206B775000F245B8 /* ViewController.h */,
				38C45EA3206B775000F245B8 /* ViewController.m */,
				38C45EA5206B775000F245B8 /* Main.storyboard */,
				38C45EA8206B775000F245B8 /* Assets.xcassets */,
				38C45EAA206B775000F245B8 /* LaunchScreen.storyboard */,
				38C45EAD206B775000F245B8 /* Info.plist */,
				38C45E9C206B775000F245B8 /* Supporting Files */,
			);
			path = BlueTooth;
			sourceTree = "<group>";
		};
		38C45E9C206B775000F245B8 /* Supporting Files */ = {
			isa = PBXGroup;
			children = (
				38C45E9D206B775000F245B8 /* main.m */,
			);
			name = "Supporting Files";
			sourceTree = "<group>";
		};
		38C45EB3206B77C800F245B8 /* Frameworks */ = {
			isa = PBXGroup;
			children = (
				38C45EB4206B77C800F245B8 /* CoreBluetooth.framework */,
			);
			name = Frameworks;
			sourceTree = "<group>";
		};
/* End PBXGroup section */

/* Begin PBXNativeTarget section */
		38C45E98206B775000F245B8 /* BlueTooth */ = {
			isa = PBXNativeTarget;
			buildConfigurationList = 38C45EB0206B775000F245B8 /* Build configuration list for PBXNativeTarget "BlueTooth" */;
			buildPhases = (
				38C45E95206B775000F245B8 /* Sources */,
				38C45E96206B775000F245B8 /* Frameworks */,
				38C45E97206B775000F245B8 /* Resources */,
			);
			buildRules = (
			);
			dependencies = (
			);
			name = BlueTooth;
			productName = BlueTooth;
			productReference = 38C45E99206B775000F245B8 /* BlueTooth.app */;
			productType = "com.apple.product-type.application";
		};
/* End PBXNativeTarget section */

/* Begin PBXProject section */
		38C45E91206B775000F245B8 /* Project object */ = {
			isa = PBXProject;
			attributes = {
				LastUpgradeCheck = 0830;
				ORGANIZATIONNAME = YMDream;
				TargetAttributes = {
					38C45E98206B775000F245B8 = {
						CreatedOnToolsVersion = 8.3.2;
						DevelopmentTeam = M853SA6246;
						ProvisioningStyle = Automatic;
					};
				};
			};
			buildConfigurationList = 38C45E94206B775000F245B8 /* Build configuration list for PBXProject "BlueTooth" */;
			compatibilityVersion = "Xcode 3.2";
			developmentRegion = English;
			hasScannedForEncodings = 0;
			knownRegions = (
				en,
				Base,
			);
			mainGroup = 38C45E90206B775000F245B8;
			productRefGroup = 38C45E9A206B775000F245B8 /* Products */;
			projectDirPath = "";
			projectRoot = "";
			targets = (
				38C45E98206B775000F245B8 /* BlueTooth */,
			);
		};
/* End PBXProject section */

/* Begin PBXResourcesBuildPhase section */
		38C45E97206B775000F245B8 /* Resources */ = {
			isa = PBXResourcesBuildPhase;
			buildActionMask = 2147483647;
			files = (
				38C45EAC206B775000F245B8 /* LaunchScreen.storyboard in Resources */,
				38C45EA9206B775000F245B8 /* Assets.xcassets in Resources */,
				38C45EA7206B775000F245B8 /* Main.storyboard in Resources */,
			);
			runOnlyForDeploymentPostprocessing = 0;
		};
/* End PBXResourcesBuildPhase section */

/* Begin PBXSourcesBuildPhase section */
		38C45E95206B775000F245B8 /* Sources */ = {
			isa = PBXSourcesBuildPhase;
			buildActionMask = 2147483647;
			files = (
				38C45EA4206B775000F245B8 /* ViewController.m in Sources */,
				38C45EA1206B775000F245B8 /* AppDelegate.m in Sources */,
				38C45E9E206B775000F245B8 /* main.m in Sources */,
			);
			runOnlyForDeploymentPostprocessing = 0;
		};
/* End PBXSourcesBuildPhase section */

/* Begin PBXVariantGroup section */
		38C45EA5206B775000F245B8 /* Main.storyboard */ = {
			isa = PBXVariantGroup;
			children = (
				38C45EA6206B775000F245B8 /* Base */,
			);
			name = Main.storyboard;
			sourceTree = "<group>";
		};
		38C45EAA206B775000F245B8 /* LaunchScreen.storyboard */ = {
			isa = PBXVariantGroup;
			children = (
				38C45EAB206B775000F245B8 /* Base */,
			);
			name = LaunchScreen.storyboard;
			sourceTree = "<group>";
		};
/* End PBXVariantGroup section */

/* Begin XCBuildConfiguration section */
		38C45EAE206B775000F245B8 /* Debug */ = {
			isa = XCBuildConfiguration;
			buildSettings = {
				ALWAYS_SEARCH_USER_PATHS = NO;
				CLANG_ANALYZER_NONNULL = YES;
				CLANG_ANALYZER_NUMBER_OBJECT_CONVERSION = YES_AGGRESSIVE;
				CLANG_CXX_LANGUAGE_STANDARD = "gnu++0x";
				CLANG_CXX_LIBRARY = "libc++";
				CLANG_ENABLE_MODULES = YES;
				CLANG_ENABLE_OBJC_ARC = YES;
				CLANG_WARN_BOOL_CONVERSION = YES;
				CLANG_WARN_CONSTANT_CONVERSION = YES;
				CLANG_WARN_DIRECT_OBJC_ISA_USAGE = YES_ERROR;
				CLANG_WARN_DOCUMENTATION_COMMENTS = YES;
				CLANG_WARN_EMPTY_BODY = YES;
				CLANG_WARN_ENUM_CONVERSION = YES;
				CLANG_WARN_INFINITE_RECURSION = YES;
				CLANG_WARN_INT_CONVERSION = YES;
				CLANG_WARN_OBJC_ROOT_CLASS = YES_ERROR;
				CLANG_WARN_SUSPICIOUS_MOVE = YES;
				CLANG_WARN_UNREACHABLE_CODE = YES;
				CLANG_WARN__DUPLICATE_METHOD_MATCH = YES;
				"CODE_SIGN_IDENTITY[sdk=iphoneos*]" = "iPhone Developer";
				COPY_PHASE_STRIP = NO;
				DEBUG_INFORMATION_FORMAT = dwarf;
				ENABLE_STRICT_OBJC_MSGSEND = YES;
				ENABLE_TESTABILITY = YES;
				GCC_C_LANGUAGE_STANDARD = gnu99;
				GCC_DYNAMIC_NO_PIC = NO;
				GCC_NO_COMMON_BLOCKS = YES;
				GCC_OPTIMIZATION_LEVEL = 0;
				GCC_PREPROCESSOR_DEFINITIONS = (
					"DEBUG=1",
					"$(inherited)",
				);
				GCC_WARN_64_TO_32_BIT_CONVERSION = YES;
				GCC_WARN_ABOUT_RETURN_TYPE = YES_ERROR;
				GCC_WARN_UNDECLARED_SELECTOR = YES;
				GCC_WARN_UNINITIALIZED_AUTOS = YES_AGGRESSIVE;
				GCC_WARN_UNUSED_FUNCTION = YES;
				GCC_WARN_UNUSED_VARIABLE = YES;
				IPHONEOS_DEPLOYMENT_TARGET = 10.3;
				MTL_ENABLE_DEBUG_INFO = YES;
				ONLY_ACTIVE_ARCH = YES;
				SDKROOT = iphoneos;
			};
			name = Debug;
		};
		38C45EAF206B775000F245B8 /* Release */ = {
			isa = XCBuildConfiguration;
			buildSettings = {
				ALWAYS_SEARCH_USER_PATHS = NO;
				CLANG_ANALYZER_NONNULL = YES;
				CLANG_ANALYZER_NUMBER_OBJECT_CONVERSION = YES_AGGRESSIVE;
				CLANG_CXX_LANGUAGE_STANDARD = "gnu++0x";
				CLANG_CXX_LIBRARY = "libc++";
				CLANG_ENABLE_MODULES = YES;
				CLANG_ENABLE_OBJC_ARC = YES;
				CLANG_WARN_BOOL_CONVERSION = YES;
				CLANG_WARN_CONSTANT_CONVERSION = YES;
				CLANG_WARN_DIRECT_OBJC_ISA_USAGE = YES_ERROR;
				CLANG_WARN_DOCUMENTATION_COMMENTS = YES;
				CLANG_WARN_EMPTY_BODY = YES;
				CLANG_WARN_ENUM_CONVERSION = YES;
				CLANG_WARN_INFINITE_RECURSION = YES;
				CLANG_WARN_INT_CONVERSION = YES;
				CLANG_WARN_OBJC_ROOT_CLASS = YES_ERROR;
				CLANG_WARN_SUSPICIOUS_MOVE = YES;
				CLANG_WARN_UNREACHABLE_CODE = YES;
				CLANG_WARN__DUPLICATE_METHOD_MATCH = YES;
				"CODE_SIGN_IDENTITY[sdk=iphoneos*]" = "iPhone Developer";
				COPY_PHASE_STRIP = NO;
				DEBUG_INFORMATION_FORMAT = "dwarf-with-dsym";
				ENABLE_NS_ASSERTIONS = NO;
				ENABLE_STRICT_OBJC_MSGSEND = YES;
				GCC_C_LANGUAGE_STANDARD = gnu99;
				GCC_NO_COMMON_BLOCKS = YES;
				GCC_WARN_64_TO_32_BIT_CONVERSION = YES;
				GCC_WARN_ABOUT_RETURN_TYPE = YES_ERROR;
				GCC_WARN_UNDECLARED_SELECTOR = YES;
				GCC_WARN_UNINITIALIZED_AUTOS = YES_AGGRESSIVE;
				GCC_WARN_UNUSED_FUNCTION = YES;
				GCC_WARN_UNUSED_VARIABLE = YES;
				IPHONEOS_DEPLOYMENT_TARGET = 10.3;
				MTL_ENABLE_DEBUG_INFO = NO;
				SDKROOT = iphoneos;
				VALIDATE_PRODUCT = YES;
			};
			name = Release;
		};
		38C45EB1206B775000F245B8 /* Debug */ = {
			isa = XCBuildConfiguration;
			buildSettings = {
				ASSETCATALOG_COMPILER_APPICON_NAME = AppIcon;
				DEVELOPMENT_TEAM = M853SA6246;
				INFOPLIST_FILE = BlueTooth/Info.plist;
				LD_RUNPATH_SEARCH_PATHS = "$(inherited) @executable_path/Frameworks";
				PRODUCT_BUNDLE_IDENTIFIER = com.sunshine.menred;
				PRODUCT_NAME = "$(TARGET_NAME)";
			};
			name = Debug;
		};
		38C45EB2206B775000F245B8 /* Release */ = {
			isa = XCBuildConfiguration;
			buildSettings = {
				ASSETCATALOG_COMPILER_APPICON_NAME = AppIcon;
				DEVELOPMENT_TEAM = M853SA6246;
				INFOPLIST_FILE = BlueTooth/Info.plist;
				LD_RUNPATH_SEARCH_PATHS = "$(inherited) @executable_path/Frameworks";
				PRODUCT_BUNDLE_IDENTIFIER = com.sunshine.menred;
				PRODUCT_NAME = "$(TARGET_NAME)";
			};
			name = Release;
		};
/* End XCBuildConfiguration section */

/* Begin XCConfigurationList section */
		38C45E94206B775000F245B8 /* Build configuration list for PBXProject "BlueTooth" */ = {
			isa = XCConfigurationList;
			buildConfigurations = (
				38C45EAE206B775000F245B8 /* Debug */,
				38C45EAF206B775000F245B8 /* Release */,
			);
			defaultConfigurationIsVisible = 0;
			defaultConfigurationName = Release;
		};
		38C45EB0206B775000F245B8 /* Build configuration list for PBXNativeTarget "BlueTooth" */ = {
			isa = XCConfigurationList;
			buildConfigurations = (
				38C45EB1206B775000F245B8 /* Debug */,
				38C45EB2206B775000F245B8 /* Release */,
			);
			defaultConfigurationIsVisible = 0;
		};
/* End XCConfigurationList section */
	};
	rootObject = 38C45E91206B775000F245B8 /* Project object */;
}
